lockfileVersion: '6.0'

dependencies:
  stack-typescript:
    specifier: ^1.0.4
    version: 1.0.4

devDependencies:
  tsc:
    specifier: ^2.0.4
    version: 2.0.4
  typescript:
    specifier: ^5.8.3
    version: 5.8.3

packages:

  /linked-list-typescript@1.0.15:
    resolution: {integrity: sha512-RIyUu9lnJIyIaMe63O7/aFv/T2v3KsMFuXMBbUQCHX+cgtGro86ETDj5ed0a8gQL2+DFjzYYsgVG4I36/cUwgw==}
    dev: false

  /stack-typescript@1.0.4:
    resolution: {integrity: sha512-LAFycOVCWRYP6TDbwXR2XeXTmKjZT+wpdC4GEnBWWYfyTUK7NOassuqVTbUXsEA6CTCgk4FMOkUi+yFS33D1mw==}
    dependencies:
      linked-list-typescript: 1.0.15
    dev: false

  /tsc@2.0.4:
    resolution: {integrity: sha512-fzoSieZI5KKJVBYGvwbVZs/J5za84f2lSTLPYf6AGiIf43tZ3GNrI1QzTLcjtyDDP4aLxd46RTZq1nQxe7+k5Q==}
    hasBin: true
    dev: true

  /typescript@5.8.3:
    resolution: {integrity: sha512-p1diW6TqL9L07nNxvRMM7hMMw4c5XOo/1ibL4aAIGmSAt9slTE1Xgw5KWuof2uTOvCg9BY7ZRi+GaF+7sfgPeQ==}
    engines: {node: '>=14.17'}
    hasBin: true
    dev: true
